
Microsoft Visual Studio Solution File, Format Version 12.00
# Visual Studio Version 17
VisualStudioVersion = 17.9.34902.65
MinimumVisualStudioVersion = 10.0.40219.1
Project("{FAE04EC0-301F-11D3-BF4B-00C04F79EFBC}") = "FlightReservationGUI", "FlightReservationGUI\FlightReservationGUI.csproj", "{B55853FD-E61B-4993-AED2-9CA744B1AC11}"
EndProject
Global
	GlobalSection(SolutionConfigurationPlatforms) = preSolution
		Debug|Any CPU = Debug|Any CPU
		Release|Any CPU = Release|Any CPU
	EndGlobalSection
	GlobalSection(ProjectConfigurationPlatforms) = postSolution
		{B55853FD-E61B-4993-AED2-9CA744B1AC11}.Debug|Any CPU.ActiveCfg = Debug|Any CPU
		{B55853FD-E61B-4993-AED2-9CA744B1AC11}.Debug|Any CPU.Build.0 = Debug|Any CPU
		{B55853FD-E61B-4993-AED2-9CA744B1AC11}.Release|Any CPU.ActiveCfg = Release|Any CPU
		{B55853FD-E61B-4993-AED2-9CA744B1AC11}.Release|Any CPU.Build.0 = Release|Any CPU
	EndGlobalSection
	GlobalSection(SolutionProperties) = preSolution
		HideSolutionNode = FALSE
	EndGlobalSection
	GlobalSection(ExtensibilityGlobals) = postSolution
		SolutionGuid = {F84CA5ED-764E-4D51-A67A-C524DC363B34}
	EndGlobalSection
EndGlobal
